github.com/LenhartS/OutsideRepo3 v1.0.2 h1:ciqClny2+b/0haGzGvRtyNO0xKbTOfpFpVO+EIDKA3A=
github.com/LenhartS/OutsideRepo3 v1.0.2/go.mod h1:gYIK0VzRKb6UXo0ji0JzO1TEuePJILpSGEwyXFFSirc=
github.com/LenhartS/OutsideRepo4 v1.0.2 h1:1iwgh6z9KEQ7LLZkfM/K+pgk2XPXLKEreln+Z60R7Lk=
github.com/LenhartS/OutsideRepo4 v1.0.2/go.mod h1:OkQh7n+4oZDIeHh0vyA1CKuAyi26d6ZFBDoPLopw0Ls=
