github.com/LenhartS/GoLangOutsideRepo v0.0.0-20241230215924-4cb729ef11de h1:P2x3h4haJOcA9ujCgntZ8L8YlJ3ye0l9oas6sOQcjOQ=
github.com/LenhartS/GoLangOutsideRepo v0.0.0-20241230215924-4cb729ef11de/go.mod h1:dL2X8VK0l7EfGToGK3XtWu5wNouGvbMYfEuQb5EVzUg=
github.com/LenhartS/OutsideRepo3 v1.0.2 h1:ciqClny2+b/0haGzGvRtyNO0xKbTOfpFpVO+EIDKA3A=
github.com/LenhartS/OutsideRepo3 v1.0.2/go.mod h1:gYIK0VzRKb6UXo0ji0JzO1TEuePJILpSGEwyXFFSirc=
